// !$*UTF8*$!
{
	archiveVersion = 1;
	classes = {
	};
	objectVersion = 56;
	objects = {

/* Begin PBXBuildFile section */
		F5B313EB2A8DF68C00C30C6A /* MyFirstSwiftUIApp.swift in Sources */ = {isa = PBXBuildFile; fileRef = F5B313EA2A8DF68C00C30C6A /* MyFirstSwiftUIApp.swift */; };
		F5B313ED2A8DF68C00C30C6A /* ContentView.swift in Sources */ = {isa = PBXBuildFile; fileRef = F5B313EC2A8DF68C00C30C6A /* ContentView.swift */; };
		F5B313EF2A8DF68D00C30C6A /* Assets.xcassets in Resources */ = {isa = PBXBuildFile; fileRef = F5B313EE2A8DF68D00C30C6A /* Assets.xcassets */; };
		F5B313F22A8DF68D00C30C6A /* Preview Assets.xcassets in Resources */ = {isa = PBXBuildFile; fileRef = F5B313F12A8DF68D00C30C6A /* Preview Assets.xcassets */; };
		F5B313FC2A8DF68D00C30C6A /* MyFirstSwiftUITests.swift in Sources */ = {isa = PBXBuildFile; fileRef = F5B313FB2A8DF68D00C30C6A /* MyFirstSwiftUITests.swift */; };
		F5B314062A8DF68D00C30C6A /* MyFirstSwiftUIUITests.swift in Sources */ = {isa = PBXBuildFile; fileRef = F5B314052A8DF68D00C30C6A /* MyFirstSwiftUIUITests.swift */; };
		F5B314082A8DF68D00C30C6A /* MyFirstSwiftUIUITestsLaunchTests.swift in Sources */ = {isa = PBXBuildFile; fileRef = F5B314072A8DF68D00C30C6A /* MyFirstSwiftUIUITestsLaunchTests.swift */; };
		F5B314152A8E032400C30C6A /* LaunchScreen.storyboard in Resources */ = {isa = PBXBuildFile; fileRef = F5B314142A8E032400C30C6A /* LaunchScreen.storyboard */; };
/* End PBXBuildFile section */

/* Begin PBXContainerItemProxy section */
		F5B313F82A8DF68D00C30C6A /* PBXContainerItemProxy */ = {
			isa = PBXContainerItemProxy;
			containerPortal = F5B313DF2A8DF68C00C30C6A /* Project object */;
			proxyType = 1;
			remoteGlobalIDString = F5B313E62A8DF68C00C30C6A;
			remoteInfo = MyFirstSwiftUI;
		};
		F5B314022A8DF68D00C30C6A /* PBXContainerItemProxy */ = {
			isa = PBXContainerItemProxy;
			containerPortal = F5B313DF2A8DF68C00C30C6A /* Project object */;
			proxyType = 1;
			remoteGlobalIDString = F5B313E62A8DF68C00C30C6A;
			remoteInfo = MyFirstSwiftUI;
		};
/* End PBXContainerItemProxy section */

/* Begin PBXFileReference section */
		F5B313E72A8DF68C00C30C6A /* MyFirstSwiftUI.app */ = {isa = PBXFileReference; explicitFileType = wrapper.application; includeInIndex = 0; path = MyFirstSwiftUI.app; sourceTree = BUILT_PRODUCTS_DIR; };
		F5B313EA2A8DF68C00C30C6A /* MyFirstSwiftUIApp.swift */ = {isa = PBXFileReference; lastKnownFileType = sourcecode.swift; path = MyFirstSwiftUIApp.swift; sourceTree = "<group>"; };
		F5B313EC2A8DF68C00C30C6A /* ContentView.swift */ = {isa = PBXFileReference; lastKnownFileType = sourcecode.swift; path = ContentView.swift; sourceTree = "<group>"; };
		F5B313EE2A8DF68D00C30C6A /* Assets.xcassets */ = {isa = PBXFileReference; lastKnownFileType = folder.assetcatalog; path = Assets.xcassets; sourceTree = "<group>"; };
		F5B313F12A8DF68D00C30C6A /* Preview Assets.xcassets */ = {isa = PBXFileReference; lastKnownFileType = folder.assetcatalog; path = "Preview Assets.xcassets"; sourceTree = "<group>"; };
		F5B313F72A8DF68D00C30C6A /* MyFirstSwiftUITests.xctest */ = {isa = PBXFileReference; explicitFileType = wrapper.cfbundle; includeInIndex = 0; path = MyFirstSwiftUITests.xctest; sourceTree = BUILT_PRODUCTS_DIR; };
		F5B313FB2A8DF68D00C30C6A /* MyFirstSwiftUITests.swift */ = {isa = PBXFileReference; lastKnownFileType = sourcecode.swift; path = MyFirstSwiftUITests.swift; sourceTree = "<group>"; };
		F5B314012A8DF68D00C30C6A /* MyFirstSwiftUIUITests.xctest */ = {isa = PBXFileReference; explicitFileType = wrapper.cfbundle; includeInIndex = 0; path = MyFirstSwiftUIUITests.xctest; sourceTree = BUILT_PRODUCTS_DIR; };
		F5B314052A8DF68D00C30C6A /* MyFirstSwiftUIUITests.swift */ = {isa = PBXFileReference; lastKnownFileType = sourcecode.swift; path = MyFirstSwiftUIUITests.swift; sourceTree = "<group>"; };
		F5B314072A8DF68D00C30C6A /* MyFirstSwiftUIUITestsLaunchTests.swift */ = {isa = PBXFileReference; lastKnownFileType = sourcecode.swift; path = MyFirstSwiftUIUITestsLaunchTests.swift; sourceTree = "<group>"; };
		F5B314142A8E032400C30C6A /* LaunchScreen.storyboard */ = {isa = PBXFileReference; lastKnownFileType = file.storyboard; path = LaunchScreen.storyboard; sourceTree = "<group>"; };
/* End PBXFileReference section */

/* Begin PBXFrameworksBuildPhase section */
		F5B313E42A8DF68C00C30C6A /* Frameworks */ = {
			isa = PBXFrameworksBuildPhase;
			buildActionMask = 2147483647;
			files = (
			);
			runOnlyForDeploymentPostprocessing = 0;
		};
		F5B313F42A8DF68D00C30C6A /* Frameworks */ = {
			isa = PBXFrameworksBuildPhase;
			buildActionMask = 2147483647;
			files = (
			);
			runOnlyForDeploymentPostprocessing = 0;
		};
		F5B313FE2A8DF68D00C30C6A /* Frameworks */ = {
			isa = PBXFrameworksBuildPhase;
			buildActionMask = 2147483647;
			files = (
			);
			runOnlyForDeploymentPostprocessing = 0;
		};
/* End PBXFrameworksBuildPhase section */

/* Begin PBXGroup section */
		F5B313DE2A8DF68C00C30C6A = {
			isa = PBXGroup;
			children = (
				F5B313E92A8DF68C00C30C6A /* MyFirstSwiftUI */,
				F5B313FA2A8DF68D00C30C6A /* MyFirstSwiftUITests */,
				F5B314042A8DF68D00C30C6A /* MyFirstSwiftUIUITests */,
				F5B313E82A8DF68C00C30C6A /* Products */,
			);
			sourceTree = "<group>";
		};
		F5B313E82A8DF68C00C30C6A /* Products */ = {
			isa = PBXGroup;
			children = (
				F5B313E72A8DF68C00C30C6A /* MyFirstSwiftUI.app */,
				F5B313F72A8DF68D00C30C6A /* MyFirstSwiftUITests.xctest */,
				F5B314012A8DF68D00C30C6A /* MyFirstSwiftUIUITests.xctest */,
			);
			name = Products;
			sourceTree = "<group>";
		};
		F5B313E92A8DF68C00C30C6A /* MyFirstSwiftUI */ = {
			isa = PBXGroup;
			children = (
				F5B313EA2A8DF68C00C30C6A /* MyFirstSwiftUIApp.swift */,
				F5B313EC2A8DF68C00C30C6A /* ContentView.swift */,
				F5B313EE2A8DF68D00C30C6A /* Assets.xcassets */,
				F5B314142A8E032400C30C6A /* LaunchScreen.storyboard */,
				F5B313F02A8DF68D00C30C6A /* Preview Content */,
			);
			path = MyFirstSwiftUI;
			sourceTree = "<group>";
		};
		F5B313F02A8DF68D00C30C6A /* Preview Content */ = {
			isa = PBXGroup;
			children = (
				F5B313F12A8DF68D00C30C6A /* Preview Assets.xcassets */,
			);
			path = "Preview Content";
			sourceTree = "<group>";
		};
		F5B313FA2A8DF68D00C30C6A /* MyFirstSwiftUITests */ = {
			isa = PBXGroup;
			children = (
				F5B313FB2A8DF68D00C30C6A /* MyFirstSwiftUITests.swift */,
			);
			path = MyFirstSwiftUITests;
			sourceTree = "<group>";
		};
		F5B314042A8DF68D00C30C6A /* MyFirstSwiftUIUITests */ = {
			isa = PBXGroup;
			children = (
				F5B314052A8DF68D00C30C6A /* MyFirstSwiftUIUITests.swift */,
				F5B314072A8DF68D00C30C6A /* MyFirstSwiftUIUITestsLaunchTests.swift */,
			);
			path = MyFirstSwiftUIUITests;
			sourceTree = "<group>";
		};
/* End PBXGroup section */

/* Begin PBXNativeTarget section */
		F5B313E62A8DF68C00C30C6A /* MyFirstSwiftUI */ = {
			isa = PBXNativeTarget;
			buildConfigurationList = F5B3140B2A8DF68D00C30C6A /* Build configuration list for PBXNativeTarget "MyFirstSwiftUI" */;
			buildPhases = (
				F5B313E32A8DF68C00C30C6A /* Sources */,
				F5B313E42A8DF68C00C30C6A /* Frameworks */,
				F5B313E52A8DF68C00C30C6A /* Resources */,
			);
			buildRules = (
			);
			dependencies = (
			);
			name = MyFirstSwiftUI;
			productName = MyFirstSwiftUI;
			productReference = F5B313E72A8DF68C00C30C6A /* MyFirstSwiftUI.app */;
			productType = "com.apple.product-type.application";
		};
		F5B313F62A8DF68D00C30C6A /* MyFirstSwiftUITests */ = {
			isa = PBXNativeTarget;
			buildConfigurationList = F5B3140E2A8DF68D00C30C6A /* Build configuration list for PBXNativeTarget "MyFirstSwiftUITests" */;
			buildPhases = (
				F5B313F32A8DF68D00C30C6A /* Sources */,
				F5B313F42A8DF68D00C30C6A /* Frameworks */,
				F5B313F52A8DF68D00C30C6A /* Resources */,
			);
			buildRules = (
			);
			dependencies = (
				F5B313F92A8DF68D00C30C6A /* PBXTargetDependency */,
			);
			name = MyFirstSwiftUITests;
			productName = MyFirstSwiftUITests;
			productReference = F5B313F72A8DF68D00C30C6A /* MyFirstSwiftUITests.xctest */;
			productType = "com.apple.product-type.bundle.unit-test";
		};
		F5B314002A8DF68D00C30C6A /* MyFirstSwiftUIUITests */ = {
			isa = PBXNativeTarget;
			buildConfigurationList = F5B314112A8DF68D00C30C6A /* Build configuration list for PBXNativeTarget "MyFirstSwiftUIUITests" */;
			buildPhases = (
				F5B313FD2A8DF68D00C30C6A /* Sources */,
				F5B313FE2A8DF68D00C30C6A /* Frameworks */,
				F5B313FF2A8DF68D00C30C6A /* Resources */,
			);
			buildRules = (
			);
			dependencies = (
				F5B314032A8DF68D00C30C6A /* PBXTargetDependency */,
			);
			name = MyFirstSwiftUIUITests;
			productName = MyFirstSwiftUIUITests;
			productReference = F5B314012A8DF68D00C30C6A /* MyFirstSwiftUIUITests.xctest */;
			productType = "com.apple.product-type.bundle.ui-testing";
		};
/* End PBXNativeTarget section */

/* Begin PBXProject section */
		F5B313DF2A8DF68C00C30C6A /* Project object */ = {
			isa = PBXProject;
			attributes = {
				BuildIndependentTargetsInParallel = 1;
				LastSwiftUpdateCheck = 1420;
				LastUpgradeCheck = 1420;
				TargetAttributes = {
					F5B313E62A8DF68C00C30C6A = {
						CreatedOnToolsVersion = 14.2;
					};
					F5B313F62A8DF68D00C30C6A = {
						CreatedOnToolsVersion = 14.2;
						TestTargetID = F5B313E62A8DF68C00C30C6A;
					};
					F5B314002A8DF68D00C30C6A = {
						CreatedOnToolsVersion = 14.2;
						TestTargetID = F5B313E62A8DF68C00C30C6A;
					};
				};
			};
			buildConfigurationList = F5B313E22A8DF68C00C30C6A /* Build configuration list for PBXProject "MyFirstSwiftUI" */;
			compatibilityVersion = "Xcode 14.0";
			developmentRegion = en;
			hasScannedForEncodings = 0;
			knownRegions = (
				en,
				Base,
			);
			mainGroup = F5B313DE2A8DF68C00C30C6A;
			productRefGroup = F5B313E82A8DF68C00C30C6A /* Products */;
			projectDirPath = "";
			projectRoot = "";
			targets = (
				F5B313E62A8DF68C00C30C6A /* MyFirstSwiftUI */,
				F5B313F62A8DF68D00C30C6A /* MyFirstSwiftUITests */,
				F5B314002A8DF68D00C30C6A /* MyFirstSwiftUIUITests */,
			);
		};
/* End PBXProject section */

/* Begin PBXResourcesBuildPhase section */
		F5B313E52A8DF68C00C30C6A /* Resources */ = {
			isa = PBXResourcesBuildPhase;
			buildActionMask = 2147483647;
			files = (
				F5B314152A8E032400C30C6A /* LaunchScreen.storyboard in Resources */,
				F5B313F22A8DF68D00C30C6A /* Preview Assets.xcassets in Resources */,
				F5B313EF2A8DF68D00C30C6A /* Assets.xcassets in Resources */,
			);
			runOnlyForDeploymentPostprocessing = 0;
		};
		F5B313F52A8DF68D00C30C6A /* Resources */ = {
			isa = PBXResourcesBuildPhase;
			buildActionMask = 2147483647;
			files = (
			);
			runOnlyForDeploymentPostprocessing = 0;
		};
		F5B313FF2A8DF68D00C30C6A /* Resources */ = {
			isa = PBXResourcesBuildPhase;
			buildActionMask = 2147483647;
			files = (
			);
			runOnlyForDeploymentPostprocessing = 0;
		};
/* End PBXResourcesBuildPhase section */

/* Begin PBXSourcesBuildPhase section */
		F5B313E32A8DF68C00C30C6A /* Sources */ = {
			isa = PBXSourcesBuildPhase;
			buildActionMask = 2147483647;
			files = (
				F5B313ED2A8DF68C00C30C6A /* ContentView.swift in Sources */,
				F5B313EB2A8DF68C00C30C6A /* MyFirstSwiftUIApp.swift in Sources */,
			);
			runOnlyForDeploymentPostprocessing = 0;
		};
		F5B313F32A8DF68D00C30C6A /* Sources */ = {
			isa = PBXSourcesBuildPhase;
			buildActionMask = 2147483647;
			files = (
				F5B313FC2A8DF68D00C30C6A /* MyFirstSwiftUITests.swift in Sources */,
			);
			runOnlyForDeploymentPostprocessing = 0;
		};
		F5B313FD2A8DF68D00C30C6A /* Sources */ = {
			isa = PBXSourcesBuildPhase;
			buildActionMask = 2147483647;
			files = (
				F5B314062A8DF68D00C30C6A /* MyFirstSwiftUIUITests.swift in Sources */,
				F5B314082A8DF68D00C30C6A /* MyFirstSwiftUIUITestsLaunchTests.swift in Sources */,
			);
			runOnlyForDeploymentPostprocessing = 0;
		};
/* End PBXSourcesBuildPhase section */

/* Begin PBXTargetDependency section */
		F5B313F92A8DF68D00C30C6A /* PBXTargetDependency */ = {
			isa = PBXTargetDependency;
			target = F5B313E62A8DF68C00C30C6A /* MyFirstSwiftUI */;
			targetProxy = F5B313F82A8DF68D00C30C6A /* PBXContainerItemProxy */;
		};
		F5B314032A8DF68D00C30C6A /* PBXTargetDependency */ = {
			isa = PBXTargetDependency;
			target = F5B313E62A8DF68C00C30C6A /* MyFirstSwiftUI */;
			targetProxy = F5B314022A8DF68D00C30C6A /* PBXContainerItemProxy */;
		};
/* End PBXTargetDependency section */

/* Begin XCBuildConfiguration section */
		F5B314092A8DF68D00C30C6A /* Debug */ = {
			isa = XCBuildConfiguration;
			buildSettings = {
				ALWAYS_SEARCH_USER_PATHS = NO;
				CLANG_ANALYZER_NONNULL = YES;
				CLANG_ANALYZER_NUMBER_OBJECT_CONVERSION = YES_AGGRESSIVE;
				CLANG_CXX_LANGUAGE_STANDARD = "gnu++20";
				CLANG_ENABLE_MODULES = YES;
				CLANG_ENABLE_OBJC_ARC = YES;
				CLANG_ENABLE_OBJC_WEAK = YES;
				CLANG_WARN_BLOCK_CAPTURE_AUTORELEASING = YES;
				CLANG_WARN_BOOL_CONVERSION = YES;
				CLANG_WARN_COMMA = YES;
				CLANG_WARN_CONSTANT_CONVERSION = YES;
				CLANG_WARN_DEPRECATED_OBJC_IMPLEMENTATIONS = YES;
				CLANG_WARN_DIRECT_OBJC_ISA_USAGE = YES_ERROR;
				CLANG_WARN_DOCUMENTATION_COMMENTS = YES;
				CLANG_WARN_EMPTY_BODY = YES;
				CLANG_WARN_ENUM_CONVERSION = YES;
				CLANG_WARN_INFINITE_RECURSION = YES;
				CLANG_WARN_INT_CONVERSION = YES;
				CLANG_WARN_NON_LITERAL_NULL_CONVERSION = YES;
				CLANG_WARN_OBJC_IMPLICIT_RETAIN_SELF = YES;
				CLANG_WARN_OBJC_LITERAL_CONVERSION = YES;
				CLANG_WARN_OBJC_ROOT_CLASS = YES_ERROR;
				CLANG_WARN_QUOTED_INCLUDE_IN_FRAMEWORK_HEADER = YES;
				CLANG_WARN_RANGE_LOOP_ANALYSIS = YES;
				CLANG_WARN_STRICT_PROTOTYPES = YES;
				CLANG_WARN_SUSPICIOUS_MOVE = YES;
				CLANG_WARN_UNGUARDED_AVAILABILITY = YES_AGGRESSIVE;
				CLANG_WARN_UNREACHABLE_CODE = YES;
				CLANG_WARN__DUPLICATE_METHOD_MATCH = YES;
				COPY_PHASE_STRIP = NO;
				DEBUG_INFORMATION_FORMAT = dwarf;
				ENABLE_STRICT_OBJC_MSGSEND = YES;
				ENABLE_TESTABILITY = YES;
				GCC_C_LANGUAGE_STANDARD = gnu11;
				GCC_DYNAMIC_NO_PIC = NO;
				GCC_NO_COMMON_BLOCKS = YES;
				GCC_OPTIMIZATION_LEVEL = 0;
				GCC_PREPROCESSOR_DEFINITIONS = (
					"DEBUG=1",
					"$(inherited)",
				);
				GCC_WARN_64_TO_32_BIT_CONVERSION = YES;
				GCC_WARN_ABOUT_RETURN_TYPE = YES_ERROR;
				GCC_WARN_UNDECLARED_SELECTOR = YES;
				GCC_WARN_UNINITIALIZED_AUTOS = YES_AGGRESSIVE;
				GCC_WARN_UNUSED_FUNCTION = YES;
				GCC_WARN_UNUSED_VARIABLE = YES;
				IPHONEOS_DEPLOYMENT_TARGET = 16.2;
				MTL_ENABLE_DEBUG_INFO = INCLUDE_SOURCE;
				MTL_FAST_MATH = YES;
				ONLY_ACTIVE_ARCH = YES;
				SDKROOT = iphoneos;
				SWIFT_ACTIVE_COMPILATION_CONDITIONS = DEBUG;
				SWIFT_OPTIMIZATION_LEVEL = "-Onone";
			};
			name = Debug;
		};
		F5B3140A2A8DF68D00C30C6A /* Release */ = {
			isa = XCBuildConfiguration;
			buildSettings = {
				ALWAYS_SEARCH_USER_PATHS = NO;
				CLANG_ANALYZER_NONNULL = YES;
				CLANG_ANALYZER_NUMBER_OBJECT_CONVERSION = YES_AGGRESSIVE;
				CLANG_CXX_LANGUAGE_STANDARD = "gnu++20";
				CLANG_ENABLE_MODULES = YES;
				CLANG_ENABLE_OBJC_ARC = YES;
				CLANG_ENABLE_OBJC_WEAK = YES;
				CLANG_WARN_BLOCK_CAPTURE_AUTORELEASING = YES;
				CLANG_WARN_BOOL_CONVERSION = YES;
				CLANG_WARN_COMMA = YES;
				CLANG_WARN_CONSTANT_CONVERSION = YES;
				CLANG_WARN_DEPRECATED_OBJC_IMPLEMENTATIONS = YES;
				CLANG_WARN_DIRECT_OBJC_ISA_USAGE = YES_ERROR;
				CLANG_WARN_DOCUMENTATION_COMMENTS = YES;
				CLANG_WARN_EMPTY_BODY = YES;
				CLANG_WARN_ENUM_CONVERSION = YES;
				CLANG_WARN_INFINITE_RECURSION = YES;
				CLANG_WARN_INT_CONVERSION = YES;
				CLANG_WARN_NON_LITERAL_NULL_CONVERSION = YES;
				CLANG_WARN_OBJC_IMPLICIT_RETAIN_SELF = YES;
				CLANG_WARN_OBJC_LITERAL_CONVERSION = YES;
				CLANG_WARN_OBJC_ROOT_CLASS = YES_ERROR;
				CLANG_WARN_QUOTED_INCLUDE_IN_FRAMEWORK_HEADER = YES;
				CLANG_WARN_RANGE_LOOP_ANALYSIS = YES;
				CLANG_WARN_STRICT_PROTOTYPES = YES;
				CLANG_WARN_SUSPICIOUS_MOVE = YES;
				CLANG_WARN_UNGUARDED_AVAILABILITY = YES_AGGRESSIVE;
				CLANG_WARN_UNREACHABLE_CODE = YES;
				CLANG_WARN__DUPLICATE_METHOD_MATCH = YES;
				COPY_PHASE_STRIP = NO;
				DEBUG_INFORMATION_FORMAT = "dwarf-with-dsym";
				ENABLE_NS_ASSERTIONS = NO;
				ENABLE_STRICT_OBJC_MSGSEND = YES;
				GCC_C_LANGUAGE_STANDARD = gnu11;
				GCC_NO_COMMON_BLOCKS = YES;
				GCC_WARN_64_TO_32_BIT_CONVERSION = YES;
				GCC_WARN_ABOUT_RETURN_TYPE = YES_ERROR;
				GCC_WARN_UNDECLARED_SELECTOR = YES;
				GCC_WARN_UNINITIALIZED_AUTOS = YES_AGGRESSIVE;
				GCC_WARN_UNUSED_FUNCTION = YES;
				GCC_WARN_UNUSED_VARIABLE = YES;
				IPHONEOS_DEPLOYMENT_TARGET = 16.2;
				MTL_ENABLE_DEBUG_INFO = NO;
				MTL_FAST_MATH = YES;
				SDKROOT = iphoneos;
				SWIFT_COMPILATION_MODE = wholemodule;
				SWIFT_OPTIMIZATION_LEVEL = "-O";
				VALIDATE_PRODUCT = YES;
			};
			name = Release;
		};
		F5B3140C2A8DF68D00C30C6A /* Debug */ = {
			isa = XCBuildConfiguration;
			buildSettings = {
				ASSETCATALOG_COMPILER_APPICON_NAME = AppIcon;
				ASSETCATALOG_COMPILER_GLOBAL_ACCENT_COLOR_NAME = AccentColor;
				CODE_SIGN_STYLE = Automatic;
				CURRENT_PROJECT_VERSION = 1;
				DEVELOPMENT_ASSET_PATHS = "\"MyFirstSwiftUI/Preview Content\"";
				DEVELOPMENT_TEAM = 3Z4Q68KZ3H;
				ENABLE_PREVIEWS = YES;
				GENERATE_INFOPLIST_FILE = YES;
				INFOPLIST_KEY_UIApplicationSceneManifest_Generation = YES;
				INFOPLIST_KEY_UIApplicationSupportsIndirectInputEvents = YES;
				INFOPLIST_KEY_UILaunchScreen_Generation = YES;
				INFOPLIST_KEY_UILaunchStoryboardName = LaunchScreen.storyboard;
				INFOPLIST_KEY_UISupportedInterfaceOrientations_iPad = "UIInterfaceOrientationPortrait UIInterfaceOrientationPortraitUpsideDown UIInterfaceOrientationLandscapeLeft UIInterfaceOrientationLandscapeRight";
				INFOPLIST_KEY_UISupportedInterfaceOrientations_iPhone = "UIInterfaceOrientationPortrait UIInterfaceOrientationLandscapeLeft UIInterfaceOrientationLandscapeRight";
				LD_RUNPATH_SEARCH_PATHS = (
					"$(inherited)",
					"@executable_path/Frameworks",
				);
				MARKETING_VERSION = 1.0;
				PRODUCT_BUNDLE_IDENTIFIER = yusifahmadov.MyFirstSwiftUI;
				PRODUCT_NAME = "$(TARGET_NAME)";
				SWIFT_EMIT_LOC_STRINGS = YES;
				SWIFT_VERSION = 5.0;
				TARGETED_DEVICE_FAMILY = "1,2";
			};
			name = Debug;
		};
		F5B3140D2A8DF68D00C30C6A /* Release */ = {
			isa = XCBuildConfiguration;
			buildSettings = {
				ASSETCATALOG_COMPILER_APPICON_NAME = AppIcon;
				ASSETCATALOG_COMPILER_GLOBAL_ACCENT_COLOR_NAME = AccentColor;
				CODE_SIGN_STYLE = Automatic;
				CURRENT_PROJECT_VERSION = 1;
				DEVELOPMENT_ASSET_PATHS = "\"MyFirstSwiftUI/Preview Content\"";
				DEVELOPMENT_TEAM = 3Z4Q68KZ3H;
				ENABLE_PREVIEWS = YES;
				GENERATE_INFOPLIST_FILE = YES;
				INFOPLIST_KEY_UIApplicationSceneManifest_Generation = YES;
				INFOPLIST_KEY_UIApplicationSupportsIndirectInputEvents = YES;
				INFOPLIST_KEY_UILaunchScreen_Generation = YES;
				INFOPLIST_KEY_UILaunchStoryboardName = LaunchScreen.storyboard;
				INFOPLIST_KEY_UISupportedInterfaceOrientations_iPad = "UIInterfaceOrientationPortrait UIInterfaceOrientationPortraitUpsideDown UIInterfaceOrientationLandscapeLeft UIInterfaceOrientationLandscapeRight";
				INFOPLIST_KEY_UISupportedInterfaceOrientations_iPhone = "UIInterfaceOrientationPortrait UIInterfaceOrientationLandscapeLeft UIInterfaceOrientationLandscapeRight";
				LD_RUNPATH_SEARCH_PATHS = (
					"$(inherited)",
					"@executable_path/Frameworks",
				);
				MARKETING_VERSION = 1.0;
				PRODUCT_BUNDLE_IDENTIFIER = yusifahmadov.MyFirstSwiftUI;
				PRODUCT_NAME = "$(TARGET_NAME)";
				SWIFT_EMIT_LOC_STRINGS = YES;
				SWIFT_VERSION = 5.0;
				TARGETED_DEVICE_FAMILY = "1,2";
			};
			name = Release;
		};
		F5B3140F2A8DF68D00C30C6A /* Debug */ = {
			isa = XCBuildConfiguration;
			buildSettings = {
				ALWAYS_EMBED_SWIFT_STANDARD_LIBRARIES = YES;
				BUNDLE_LOADER = "$(TEST_HOST)";
				CODE_SIGN_STYLE = Automatic;
				CURRENT_PROJECT_VERSION = 1;
				DEVELOPMENT_TEAM = 3Z4Q68KZ3H;
				GENERATE_INFOPLIST_FILE = YES;
				IPHONEOS_DEPLOYMENT_TARGET = 16.2;
				MARKETING_VERSION = 1.0;
				PRODUCT_BUNDLE_IDENTIFIER = yusifahmadov.MyFirstSwiftUITests;
				PRODUCT_NAME = "$(TARGET_NAME)";
				SWIFT_EMIT_LOC_STRINGS = NO;
				SWIFT_VERSION = 5.0;
				TARGETED_DEVICE_FAMILY = "1,2";
				TEST_HOST = "$(BUILT_PRODUCTS_DIR)/MyFirstSwiftUI.app/$(BUNDLE_EXECUTABLE_FOLDER_PATH)/MyFirstSwiftUI";
			};
			name = Debug;
		};
		F5B314102A8DF68D00C30C6A /* Release */ = {
			isa = XCBuildConfiguration;
			buildSettings = {
				ALWAYS_EMBED_SWIFT_STANDARD_LIBRARIES = YES;
				BUNDLE_LOADER = "$(TEST_HOST)";
				CODE_SIGN_STYLE = Automatic;
				CURRENT_PROJECT_VERSION = 1;
				DEVELOPMENT_TEAM = 3Z4Q68KZ3H;
				GENERATE_INFOPLIST_FILE = YES;
				IPHONEOS_DEPLOYMENT_TARGET = 16.2;
				MARKETING_VERSION = 1.0;
				PRODUCT_BUNDLE_IDENTIFIER = yusifahmadov.MyFirstSwiftUITests;
				PRODUCT_NAME = "$(TARGET_NAME)";
				SWIFT_EMIT_LOC_STRINGS = NO;
				SWIFT_VERSION = 5.0;
				TARGETED_DEVICE_FAMILY = "1,2";
				TEST_HOST = "$(BUILT_PRODUCTS_DIR)/MyFirstSwiftUI.app/$(BUNDLE_EXECUTABLE_FOLDER_PATH)/MyFirstSwiftUI";
			};
			name = Release;
		};
		F5B314122A8DF68D00C30C6A /* Debug */ = {
			isa = XCBuildConfiguration;
			buildSettings = {
				ALWAYS_EMBED_SWIFT_STANDARD_LIBRARIES = YES;
				CODE_SIGN_STYLE = Automatic;
				CURRENT_PROJECT_VERSION = 1;
				DEVELOPMENT_TEAM = 3Z4Q68KZ3H;
				GENERATE_INFOPLIST_FILE = YES;
				MARKETING_VERSION = 1.0;
				PRODUCT_BUNDLE_IDENTIFIER = yusifahmadov.MyFirstSwiftUIUITests;
				PRODUCT_NAME = "$(TARGET_NAME)";
				SWIFT_EMIT_LOC_STRINGS = NO;
				SWIFT_VERSION = 5.0;
				TARGETED_DEVICE_FAMILY = "1,2";
				TEST_TARGET_NAME = MyFirstSwiftUI;
			};
			name = Debug;
		};
		F5B314132A8DF68D00C30C6A /* Release */ = {
			isa = XCBuildConfiguration;
			buildSettings = {
				ALWAYS_EMBED_SWIFT_STANDARD_LIBRARIES = YES;
				CODE_SIGN_STYLE = Automatic;
				CURRENT_PROJECT_VERSION = 1;
				DEVELOPMENT_TEAM = 3Z4Q68KZ3H;
				GENERATE_INFOPLIST_FILE = YES;
				MARKETING_VERSION = 1.0;
				PRODUCT_BUNDLE_IDENTIFIER = yusifahmadov.MyFirstSwiftUIUITests;
				PRODUCT_NAME = "$(TARGET_NAME)";
				SWIFT_EMIT_LOC_STRINGS = NO;
				SWIFT_VERSION = 5.0;
				TARGETED_DEVICE_FAMILY = "1,2";
				TEST_TARGET_NAME = MyFirstSwiftUI;
			};
			name = Release;
		};
/* End XCBuildConfiguration section */

/* Begin XCConfigurationList section */
		F5B313E22A8DF68C00C30C6A /* Build configuration list for PBXProject "MyFirstSwiftUI" */ = {
			isa = XCConfigurationList;
			buildConfigurations = (
				F5B314092A8DF68D00C30C6A /* Debug */,
				F5B3140A2A8DF68D00C30C6A /* Release */,
			);
			defaultConfigurationIsVisible = 0;
			defaultConfigurationName = Release;
		};
		F5B3140B2A8DF68D00C30C6A /* Build configuration list for PBXNativeTarget "MyFirstSwiftUI" */ = {
			isa = XCConfigurationList;
			buildConfigurations = (
				F5B3140C2A8DF68D00C30C6A /* Debug */,
				F5B3140D2A8DF68D00C30C6A /* Release */,
			);
			defaultConfigurationIsVisible = 0;
			defaultConfigurationName = Release;
		};
		F5B3140E2A8DF68D00C30C6A /* Build configuration list for PBXNativeTarget "MyFirstSwiftUITests" */ = {
			isa = XCConfigurationList;
			buildConfigurations = (
				F5B3140F2A8DF68D00C30C6A /* Debug */,
				F5B314102A8DF68D00C30C6A /* Release */,
			);
			defaultConfigurationIsVisible = 0;
			defaultConfigurationName = Release;
		};
		F5B314112A8DF68D00C30C6A /* Build configuration list for PBXNativeTarget "MyFirstSwiftUIUITests" */ = {
			isa = XCConfigurationList;
			buildConfigurations = (
				F5B314122A8DF68D00C30C6A /* Debug */,
				F5B314132A8DF68D00C30C6A /* Release */,
			);
			defaultConfigurationIsVisible = 0;
			defaultConfigurationName = Release;
		};
/* End XCConfigurationList section */
	};
	rootObject = F5B313DF2A8DF68C00C30C6A /* Project object */;
}
